
Microsoft Visual Studio Solution File, Format Version 12.00
# Visual Studio 15
Project("{FAE04EC0-301F-11D3-BF4B-00C04F79EFBC}") = "Mirror.Examples", "Mirror.Examples.csproj", "{5DFA36AF-3DAD-B657-C47E-68AEF0A65661}"
EndProject
Project("{FAE04EC0-301F-11D3-BF4B-00C04F79EFBC}") = "Mirror", "Mirror.csproj", "{04B0E564-0376-461B-74E4-54B3080BE30D}"
EndProject
Project("{FAE04EC0-301F-11D3-BF4B-00C04F79EFBC}") = "Mirror.Hosting", "Mirror.Hosting.csproj", "{301970DF-CC3D-F682-446E-0992D2200489}"
EndProject
Project("{FAE04EC0-301F-11D3-BF4B-00C04F79EFBC}") = "Assembly-CSharp-firstpass", "Assembly-CSharp-firstpass.csproj", "{122B5A3B-1E3B-1A97-45F1-B6D203DB5727}"
EndProject
Project("{FAE04EC0-301F-11D3-BF4B-00C04F79EFBC}") = "Unity.Mirror.CodeGen", "Unity.Mirror.CodeGen.csproj", "{3933F181-8535-A8F4-4D0B-9157A2FB2D5B}"
EndProject
Project("{FAE04EC0-301F-11D3-BF4B-00C04F79EFBC}") = "Mirror.Components", "Mirror.Components.csproj", "{90AD6DB5-B279-3066-0270-9FF1B1BC79A0}"
EndProject
Project("{FAE04EC0-301F-11D3-BF4B-00C04F79EFBC}") = "Mirror.Editor", "Mirror.Editor.csproj", "{91648934-C821-9D68-4DD8-A0487C53E6D3}"
EndProject
Project("{FAE04EC0-301F-11D3-BF4B-00C04F79EFBC}") = "Mirror.Transports", "Mirror.Transports.csproj", "{A5924B29-5CD9-9FD7-460F-077A2A766A81}"
EndProject
Project("{FAE04EC0-301F-11D3-BF4B-00C04F79EFBC}") = "Telepathy", "Telepathy.csproj", "{524E5DCF-7B9A-5942-795D-69DB769C2A3D}"
EndProject
Project("{FAE04EC0-301F-11D3-BF4B-00C04F79EFBC}") = "SimpleWebTransport", "SimpleWebTransport.csproj", "{BD3247AB-A5E1-94B4-AC5A-42163112416B}"
EndProject
Project("{FAE04EC0-301F-11D3-BF4B-00C04F79EFBC}") = "kcp2k", "kcp2k.csproj", "{61BE124F-6C4C-3AAC-779A-93A83DF83DB0}"
EndProject
Project("{FAE04EC0-301F-11D3-BF4B-00C04F79EFBC}") = "Assembly-CSharp", "Assembly-CSharp.csproj", "{AE0AD47E-7785-5E28-8BB1-8675D72508CD}"
EndProject
Project("{FAE04EC0-301F-11D3-BF4B-00C04F79EFBC}") = "Mirror.Authenticators", "Mirror.Authenticators.csproj", "{BAAA1A6E-A61C-49B7-9DC4-4A9FC951379B}"
EndProject
Project("{FAE04EC0-301F-11D3-BF4B-00C04F79EFBC}") = "EncryptionTransportEditor", "EncryptionTransportEditor.csproj", "{30F37850-6B18-983A-9F87-CB3F9EAF7E36}"
EndProject
Project("{FAE04EC0-301F-11D3-BF4B-00C04F79EFBC}") = "Mirror.CompilerSymbols", "Mirror.CompilerSymbols.csproj", "{519D0D30-CB06-47A9-DCB9-BDA32C28CC6F}"
EndProject
Global
	GlobalSection(SolutionConfigurationPlatforms) = preSolution
		Debug|Any CPU = Debug|Any CPU
		Release|Any CPU = Release|Any CPU
	EndGlobalSection
	GlobalSection(ProjectConfigurationPlatforms) = postSolution
		{5DFA36AF-3DAD-B657-C47E-68AEF0A65661}.Debug|Any CPU.ActiveCfg = Debug|Any CPU
		{5DFA36AF-3DAD-B657-C47E-68AEF0A65661}.Debug|Any CPU.Build.0 = Debug|Any CPU
		{5DFA36AF-3DAD-B657-C47E-68AEF0A65661}.Release|Any CPU.ActiveCfg = Release|Any CPU
		{5DFA36AF-3DAD-B657-C47E-68AEF0A65661}.Release|Any CPU.Build.0 = Release|Any CPU
		{04B0E564-0376-461B-74E4-54B3080BE30D}.Debug|Any CPU.ActiveCfg = Debug|Any CPU
		{04B0E564-0376-461B-74E4-54B3080BE30D}.Debug|Any CPU.Build.0 = Debug|Any CPU
		{04B0E564-0376-461B-74E4-54B3080BE30D}.Release|Any CPU.ActiveCfg = Release|Any CPU
		{04B0E564-0376-461B-74E4-54B3080BE30D}.Release|Any CPU.Build.0 = Release|Any CPU
		{301970DF-CC3D-F682-446E-0992D2200489}.Debug|Any CPU.ActiveCfg = Debug|Any CPU
		{301970DF-CC3D-F682-446E-0992D2200489}.Debug|Any CPU.Build.0 = Debug|Any CPU
		{301970DF-CC3D-F682-446E-0992D2200489}.Release|Any CPU.ActiveCfg = Release|Any CPU
		{301970DF-CC3D-F682-446E-0992D2200489}.Release|Any CPU.Build.0 = Release|Any CPU
		{122B5A3B-1E3B-1A97-45F1-B6D203DB5727}.Debug|Any CPU.ActiveCfg = Debug|Any CPU
		{122B5A3B-1E3B-1A97-45F1-B6D203DB5727}.Debug|Any CPU.Build.0 = Debug|Any CPU
		{122B5A3B-1E3B-1A97-45F1-B6D203DB5727}.Release|Any CPU.ActiveCfg = Release|Any CPU
		{122B5A3B-1E3B-1A97-45F1-B6D203DB5727}.Release|Any CPU.Build.0 = Release|Any CPU
		{3933F181-8535-A8F4-4D0B-9157A2FB2D5B}.Debug|Any CPU.ActiveCfg = Debug|Any CPU
		{3933F181-8535-A8F4-4D0B-9157A2FB2D5B}.Debug|Any CPU.Build.0 = Debug|Any CPU
		{3933F181-8535-A8F4-4D0B-9157A2FB2D5B}.Release|Any CPU.ActiveCfg = Release|Any CPU
		{3933F181-8535-A8F4-4D0B-9157A2FB2D5B}.Release|Any CPU.Build.0 = Release|Any CPU
		{90AD6DB5-B279-3066-0270-9FF1B1BC79A0}.Debug|Any CPU.ActiveCfg = Debug|Any CPU
		{90AD6DB5-B279-3066-0270-9FF1B1BC79A0}.Debug|Any CPU.Build.0 = Debug|Any CPU
		{90AD6DB5-B279-3066-0270-9FF1B1BC79A0}.Release|Any CPU.ActiveCfg = Release|Any CPU
		{90AD6DB5-B279-3066-0270-9FF1B1BC79A0}.Release|Any CPU.Build.0 = Release|Any CPU
		{91648934-C821-9D68-4DD8-A0487C53E6D3}.Debug|Any CPU.ActiveCfg = Debug|Any CPU
		{91648934-C821-9D68-4DD8-A0487C53E6D3}.Debug|Any CPU.Build.0 = Debug|Any CPU
		{91648934-C821-9D68-4DD8-A0487C53E6D3}.Release|Any CPU.ActiveCfg = Release|Any CPU
		{91648934-C821-9D68-4DD8-A0487C53E6D3}.Release|Any CPU.Build.0 = Release|Any CPU
		{A5924B29-5CD9-9FD7-460F-077A2A766A81}.Debug|Any CPU.ActiveCfg = Debug|Any CPU
		{A5924B29-5CD9-9FD7-460F-077A2A766A81}.Debug|Any CPU.Build.0 = Debug|Any CPU
		{A5924B29-5CD9-9FD7-460F-077A2A766A81}.Release|Any CPU.ActiveCfg = Release|Any CPU
		{A5924B29-5CD9-9FD7-460F-077A2A766A81}.Release|Any CPU.Build.0 = Release|Any CPU
		{524E5DCF-7B9A-5942-795D-69DB769C2A3D}.Debug|Any CPU.ActiveCfg = Debug|Any CPU
		{524E5DCF-7B9A-5942-795D-69DB769C2A3D}.Debug|Any CPU.Build.0 = Debug|Any CPU
		{524E5DCF-7B9A-5942-795D-69DB769C2A3D}.Release|Any CPU.ActiveCfg = Release|Any CPU
		{524E5DCF-7B9A-5942-795D-69DB769C2A3D}.Release|Any CPU.Build.0 = Release|Any CPU
		{BD3247AB-A5E1-94B4-AC5A-42163112416B}.Debug|Any CPU.ActiveCfg = Debug|Any CPU
		{BD3247AB-A5E1-94B4-AC5A-42163112416B}.Debug|Any CPU.Build.0 = Debug|Any CPU
		{BD3247AB-A5E1-94B4-AC5A-42163112416B}.Release|Any CPU.ActiveCfg = Release|Any CPU
		{BD3247AB-A5E1-94B4-AC5A-42163112416B}.Release|Any CPU.Build.0 = Release|Any CPU
		{61BE124F-6C4C-3AAC-779A-93A83DF83DB0}.Debug|Any CPU.ActiveCfg = Debug|Any CPU
		{61BE124F-6C4C-3AAC-779A-93A83DF83DB0}.Debug|Any CPU.Build.0 = Debug|Any CPU
		{61BE124F-6C4C-3AAC-779A-93A83DF83DB0}.Release|Any CPU.ActiveCfg = Release|Any CPU
		{61BE124F-6C4C-3AAC-779A-93A83DF83DB0}.Release|Any CPU.Build.0 = Release|Any CPU
		{AE0AD47E-7785-5E28-8BB1-8675D72508CD}.Debug|Any CPU.ActiveCfg = Debug|Any CPU
		{AE0AD47E-7785-5E28-8BB1-8675D72508CD}.Debug|Any CPU.Build.0 = Debug|Any CPU
		{AE0AD47E-7785-5E28-8BB1-8675D72508CD}.Release|Any CPU.ActiveCfg = Release|Any CPU
		{AE0AD47E-7785-5E28-8BB1-8675D72508CD}.Release|Any CPU.Build.0 = Release|Any CPU
		{BAAA1A6E-A61C-49B7-9DC4-4A9FC951379B}.Debug|Any CPU.ActiveCfg = Debug|Any CPU
		{BAAA1A6E-A61C-49B7-9DC4-4A9FC951379B}.Debug|Any CPU.Build.0 = Debug|Any CPU
		{BAAA1A6E-A61C-49B7-9DC4-4A9FC951379B}.Release|Any CPU.ActiveCfg = Release|Any CPU
		{BAAA1A6E-A61C-49B7-9DC4-4A9FC951379B}.Release|Any CPU.Build.0 = Release|Any CPU
		{30F37850-6B18-983A-9F87-CB3F9EAF7E36}.Debug|Any CPU.ActiveCfg = Debug|Any CPU
		{30F37850-6B18-983A-9F87-CB3F9EAF7E36}.Debug|Any CPU.Build.0 = Debug|Any CPU
		{30F37850-6B18-983A-9F87-CB3F9EAF7E36}.Release|Any CPU.ActiveCfg = Release|Any CPU
		{30F37850-6B18-983A-9F87-CB3F9EAF7E36}.Release|Any CPU.Build.0 = Release|Any CPU
		{519D0D30-CB06-47A9-DCB9-BDA32C28CC6F}.Debug|Any CPU.ActiveCfg = Debug|Any CPU
		{519D0D30-CB06-47A9-DCB9-BDA32C28CC6F}.Debug|Any CPU.Build.0 = Debug|Any CPU
		{519D0D30-CB06-47A9-DCB9-BDA32C28CC6F}.Release|Any CPU.ActiveCfg = Release|Any CPU
		{519D0D30-CB06-47A9-DCB9-BDA32C28CC6F}.Release|Any CPU.Build.0 = Release|Any CPU
	EndGlobalSection
	GlobalSection(SolutionProperties) = preSolution
		HideSolutionNode = FALSE
	EndGlobalSection
EndGlobal
